// !$*UTF8*$!
{
	archiveVersion = 1;
	classes = {
	};
	objectVersion = 46;
	objects = {

/* Begin PBXBuildFile section */
		D405CCC8191FD0D30059E052 /* Foundation.framework in Frameworks */ = {isa = PBXBuildFile; fileRef = D405CCC7191FD0D30059E052 /* Foundation.framework */; };
		D405CCCA191FD0D30059E052 /* CoreGraphics.framework in Frameworks */ = {isa = PBXBuildFile; fileRef = D405CCC9191FD0D30059E052 /* CoreGraphics.framework */; };
		D405CCCC191FD0D30059E052 /* UIKit.framework in Frameworks */ = {isa = PBXBuildFile; fileRef = D405CCCB191FD0D30059E052 /* UIKit.framework */; };
		D405CCD2191FD0D30059E052 /* InfoPlist.strings in Resources */ = {isa = PBXBuildFile; fileRef = D405CCD0191FD0D30059E052 /* InfoPlist.strings */; };
		D405CCD4191FD0D30059E052 /* main.m in Sources */ = {isa = PBXBuildFile; fileRef = D405CCD3191FD0D30059E052 /* main.m */; };
		D405CCD8191FD0D30059E052 /* PWAppDelegate.m in Sources */ = {isa = PBXBuildFile; fileRef = D405CCD7191FD0D30059E052 /* PWAppDelegate.m */; };
		D405CCDB191FD0D30059E052 /* Main.storyboard in Resources */ = {isa = PBXBuildFile; fileRef = D405CCD9191FD0D30059E052 /* Main.storyboard */; };
		D405CCDE191FD0D30059E052 /* PWHomeViewController.m in Sources */ = {isa = PBXBuildFile; fileRef = D405CCDD191FD0D30059E052 /* PWHomeViewController.m */; };
		D405CCE0191FD0D40059E052 /* Images.xcassets in Resources */ = {isa = PBXBuildFile; fileRef = D405CCDF191FD0D40059E052 /* Images.xcassets */; };
		D405CCE7191FD0D40059E052 /* XCTest.framework in Frameworks */ = {isa = PBXBuildFile; fileRef = D405CCE6191FD0D40059E052 /* XCTest.framework */; };
		D405CCE8191FD0D40059E052 /* Foundation.framework in Frameworks */ = {isa = PBXBuildFile; fileRef = D405CCC7191FD0D30059E052 /* Foundation.framework */; };
		D405CCE9191FD0D40059E052 /* UIKit.framework in Frameworks */ = {isa = PBXBuildFile; fileRef = D405CCCB191FD0D30059E052 /* UIKit.framework */; };
		D405CCF1191FD0D40059E052 /* InfoPlist.strings in Resources */ = {isa = PBXBuildFile; fileRef = D405CCEF191FD0D40059E052 /* InfoPlist.strings */; };
		D405CCF3191FD0D40059E052 /* MacysTestTests.m in Sources */ = {isa = PBXBuildFile; fileRef = D405CCF2191FD0D40059E052 /* MacysTestTests.m */; };
		D405CCFE191FD2080059E052 /* Product.m in Sources */ = {isa = PBXBuildFile; fileRef = D405CCFD191FD2080059E052 /* Product.m */; };
		D405CD00191FDE080059E052 /* libsqlite3.0.dylib in Frameworks */ = {isa = PBXBuildFile; fileRef = D405CCFF191FDE080059E052 /* libsqlite3.0.dylib */; };
		D405CD04191FE1320059E052 /* MacysDB.sql in Resources */ = {isa = PBXBuildFile; fileRef = D405CD03191FE1320059E052 /* MacysDB.sql */; };
		D405CD08191FE94D0059E052 /* PWSQLiteManager.m in Sources */ = {isa = PBXBuildFile; fileRef = D405CD07191FE94D0059E052 /* PWSQLiteManager.m */; };
		D41243D1192118B000495D77 /* PWPhotoManager.m in Sources */ = {isa = PBXBuildFile; fileRef = D41243D0192118B000495D77 /* PWPhotoManager.m */; };
		D41243DA19211F4200495D77 /* PWProductDetailViewController.m in Sources */ = {isa = PBXBuildFile; fileRef = D41243D819211F4200495D77 /* PWProductDetailViewController.m */; };
		D41243DB19211F4200495D77 /* PWProductDetailViewController.xib in Resources */ = {isa = PBXBuildFile; fileRef = D41243D919211F4200495D77 /* PWProductDetailViewController.xib */; };
		D41243DD1921231100495D77 /* TableViewCellProductDetail.xib in Resources */ = {isa = PBXBuildFile; fileRef = D41243DC1921231100495D77 /* TableViewCellProductDetail.xib */; };
		D41243E0192136A800495D77 /* NSString+Color.m in Sources */ = {isa = PBXBuildFile; fileRef = D41243DF192136A800495D77 /* NSString+Color.m */; };
		D41243E519213B8300495D77 /* PWProductPhotoViewController.m in Sources */ = {isa = PBXBuildFile; fileRef = D41243E319213B8300495D77 /* PWProductPhotoViewController.m */; };
		D41243E619213B8300495D77 /* PWProductPhotoViewController.xib in Resources */ = {isa = PBXBuildFile; fileRef = D41243E419213B8300495D77 /* PWProductPhotoViewController.xib */; };
		D467E52719204E5700C32058 /* PWCreateProductViewController.m in Sources */ = {isa = PBXBuildFile; fileRef = D467E52519204E5700C32058 /* PWCreateProductViewController.m */; };
		D467E52819204E5700C32058 /* PWCreateProductViewController.xib in Resources */ = {isa = PBXBuildFile; fileRef = D467E52619204E5700C32058 /* PWCreateProductViewController.xib */; };
		D467E52B192055A100C32058 /* TableViewCellProduct.xib in Resources */ = {isa = PBXBuildFile; fileRef = D467E52A192055A100C32058 /* TableViewCellProduct.xib */; };
		D467E52F1920700600C32058 /* PWShowProductViewController.m in Sources */ = {isa = PBXBuildFile; fileRef = D467E52D1920700600C32058 /* PWShowProductViewController.m */; };
		D467E5301920700600C32058 /* PWShowProductViewController.xib in Resources */ = {isa = PBXBuildFile; fileRef = D467E52E1920700600C32058 /* PWShowProductViewController.xib */; };
		D49350C5192273A100A789AD /* PWProductStoresViewController.m in Sources */ = {isa = PBXBuildFile; fileRef = D49350C3192273A100A789AD /* PWProductStoresViewController.m */; };
		D49350C6192273A100A789AD /* PWProductStoresViewController.xib in Resources */ = {isa = PBXBuildFile; fileRef = D49350C4192273A100A789AD /* PWProductStoresViewController.xib */; };
		D49350C81922743500A789AD /* TableViewCellStore.xib in Resources */ = {isa = PBXBuildFile; fileRef = D49350C71922743500A789AD /* TableViewCellStore.xib */; };
		D49350CA19227EF100A789AD /* MockData.json in Resources */ = {isa = PBXBuildFile; fileRef = D49350C919227EF100A789AD /* MockData.json */; };
		D49350CD1922880500A789AD /* Store.m in Sources */ = {isa = PBXBuildFile; fileRef = D49350CC1922880500A789AD /* Store.m */; };
		D49350D3192294C000A789AD /* PWUpdateProductViewController.m in Sources */ = {isa = PBXBuildFile; fileRef = D49350D1192294C000A789AD /* PWUpdateProductViewController.m */; };
		D49350D4192294C000A789AD /* PWUpdateProductViewController.xib in Resources */ = {isa = PBXBuildFile; fileRef = D49350D2192294C000A789AD /* PWUpdateProductViewController.xib */; };
		D4B3255F192091BC00F9F79D /* UIImage+Tools.m in Sources */ = {isa = PBXBuildFile; fileRef = D4B3255E192091BC00F9F79D /* UIImage+Tools.m */; };
		D4B32567192097A000F9F79D /* FMDatabase.m in Sources */ = {isa = PBXBuildFile; fileRef = D4B32562192097A000F9F79D /* FMDatabase.m */; };
		D4B32568192097A000F9F79D /* FMDatabaseAdditions.m in Sources */ = {isa = PBXBuildFile; fileRef = D4B32564192097A000F9F79D /* FMDatabaseAdditions.m */; };
		D4B32569192097A000F9F79D /* FMResultSet.m in Sources */ = {isa = PBXBuildFile; fileRef = D4B32566192097A000F9F79D /* FMResultSet.m */; };
		D4B3257019209A4C00F9F79D /* FMDatabasePool.m in Sources */ = {isa = PBXBuildFile; fileRef = D4B3256C19209A4C00F9F79D /* FMDatabasePool.m */; };
		D4B3257119209A4C00F9F79D /* FMDatabaseQueue.m in Sources */ = {isa = PBXBuildFile; fileRef = D4B3256E19209A4C00F9F79D /* FMDatabaseQueue.m */; };
		D4B3257419209D5500F9F79D /* MBProgressHUD.m in Sources */ = {isa = PBXBuildFile; fileRef = D4B3257319209D5500F9F79D /* MBProgressHUD.m */; };
/* End PBXBuildFile section */

/* Begin PBXContainerItemProxy section */
		D405CCEA191FD0D40059E052 /* PBXContainerItemProxy */ = {
			isa = PBXContainerItemProxy;
			containerPortal = D405CCBC191FD0D30059E052 /* Project object */;
			proxyType = 1;
			remoteGlobalIDString = D405CCC3191FD0D30059E052;
			remoteInfo = MacysTest;
		};
/* End PBXContainerItemProxy section */

/* Begin PBXFileReference section */
		D405CCC4191FD0D30059E052 /* MacysTest.app */ = {isa = PBXFileReference; explicitFileType = wrapper.application; includeInIndex = 0; path = MacysTest.app; sourceTree = BUILT_PRODUCTS_DIR; };
		D405CCC7191FD0D30059E052 /* Foundation.framework */ = {isa = PBXFileReference; lastKnownFileType = wrapper.framework; name = Foundation.framework; path = System/Library/Frameworks/Foundation.framework; sourceTree = SDKROOT; };
		D405CCC9191FD0D30059E052 /* CoreGraphics.framework */ = {isa = PBXFileReference; lastKnownFileType = wrapper.framework; name = CoreGraphics.framework; path = System/Library/Frameworks/CoreGraphics.framework; sourceTree = SDKROOT; };
		D405CCCB191FD0D30059E052 /* UIKit.framework */ = {isa = PBXFileReference; lastKnownFileType = wrapper.framework; name = UIKit.framework; path = System/Library/Frameworks/UIKit.framework; sourceTree = SDKROOT; };
		D405CCCF191FD0D30059E052 /* MacysTest-Info.plist */ = {isa = PBXFileReference; lastKnownFileType = text.plist.xml; path = "MacysTest-Info.plist"; sourceTree = "<group>"; };
		D405CCD1191FD0D30059E052 /* en */ = {isa = PBXFileReference; lastKnownFileType = text.plist.strings; name = en; path = en.lproj/InfoPlist.strings; sourceTree = "<group>"; };
		D405CCD3191FD0D30059E052 /* main.m */ = {isa = PBXFileReference; lastKnownFileType = sourcecode.c.objc; path = main.m; sourceTree = "<group>"; };
		D405CCD5191FD0D30059E052 /* MacysTest-Prefix.pch */ = {isa = PBXFileReference; lastKnownFileType = sourcecode.c.h; path = "MacysTest-Prefix.pch"; sourceTree = "<group>"; };
		D405CCD6191FD0D30059E052 /* PWAppDelegate.h */ = {isa = PBXFileReference; lastKnownFileType = sourcecode.c.h; path = PWAppDelegate.h; sourceTree = "<group>"; };
		D405CCD7191FD0D30059E052 /* PWAppDelegate.m */ = {isa = PBXFileReference; lastKnownFileType = sourcecode.c.objc; path = PWAppDelegate.m; sourceTree = "<group>"; };
		D405CCDA191FD0D30059E052 /* Base */ = {isa = PBXFileReference; lastKnownFileType = file.storyboard; name = Base; path = Base.lproj/Main.storyboard; sourceTree = "<group>"; };
		D405CCDC191FD0D30059E052 /* PWHomeViewController.h */ = {isa = PBXFileReference; lastKnownFileType = sourcecode.c.h; path = PWHomeViewController.h; sourceTree = "<group>"; };
		D405CCDD191FD0D30059E052 /* PWHomeViewController.m */ = {isa = PBXFileReference; lastKnownFileType = sourcecode.c.objc; path = PWHomeViewController.m; sourceTree = "<group>"; };
		D405CCDF191FD0D40059E052 /* Images.xcassets */ = {isa = PBXFileReference; lastKnownFileType = folder.assetcatalog; path = Images.xcassets; sourceTree = "<group>"; };
		D405CCE5191FD0D40059E052 /* MacysTestTests.xctest */ = {isa = PBXFileReference; explicitFileType = wrapper.cfbundle; includeInIndex = 0; path = MacysTestTests.xctest; sourceTree = BUILT_PRODUCTS_DIR; };
		D405CCE6191FD0D40059E052 /* XCTest.framework */ = {isa = PBXFileReference; lastKnownFileType = wrapper.framework; name = XCTest.framework; path = Library/Frameworks/XCTest.framework; sourceTree = DEVELOPER_DIR; };
		D405CCEE191FD0D40059E052 /* MacysTestTests-Info.plist */ = {isa = PBXFileReference; lastKnownFileType = text.plist.xml; path = "MacysTestTests-Info.plist"; sourceTree = "<group>"; };
		D405CCF0191FD0D40059E052 /* en */ = {isa = PBXFileReference; lastKnownFileType = text.plist.strings; name = en; path = en.lproj/InfoPlist.strings; sourceTree = "<group>"; };
		D405CCF2191FD0D40059E052 /* MacysTestTests.m */ = {isa = PBXFileReference; lastKnownFileType = sourcecode.c.objc; path = MacysTestTests.m; sourceTree = "<group>"; };
		D405CCFC191FD2080059E052 /* Product.h */ = {isa = PBXFileReference; fileEncoding = 4; lastKnownFileType = sourcecode.c.h; name = Product.h; path = Model/Product.h; sourceTree = "<group>"; };
		D405CCFD191FD2080059E052 /* Product.m */ = {isa = PBXFileReference; fileEncoding = 4; lastKnownFileType = sourcecode.c.objc; name = Product.m; path = Model/Product.m; sourceTree = "<group>"; };
		D405CCFF191FDE080059E052 /* libsqlite3.0.dylib */ = {isa = PBXFileReference; lastKnownFileType = "compiled.mach-o.dylib"; name = libsqlite3.0.dylib; path = usr/lib/libsqlite3.0.dylib; sourceTree = SDKROOT; };
		D405CD03191FE1320059E052 /* MacysDB.sql */ = {isa = PBXFileReference; lastKnownFileType = file; path = MacysDB.sql; sourceTree = "<group>"; };
		D405CD06191FE94D0059E052 /* PWSQLiteManager.h */ = {isa = PBXFileReference; fileEncoding = 4; lastKnownFileType = sourcecode.c.h; path = PWSQLiteManager.h; sourceTree = "<group>"; };
		D405CD07191FE94D0059E052 /* PWSQLiteManager.m */ = {isa = PBXFileReference; fileEncoding = 4; lastKnownFileType = sourcecode.c.objc; path = PWSQLiteManager.m; sourceTree = "<group>"; };
		D41243CF192118B000495D77 /* PWPhotoManager.h */ = {isa = PBXFileReference; fileEncoding = 4; lastKnownFileType = sourcecode.c.h; path = PWPhotoManager.h; sourceTree = "<group>"; };
		D41243D0192118B000495D77 /* PWPhotoManager.m */ = {isa = PBXFileReference; fileEncoding = 4; lastKnownFileType = sourcecode.c.objc; path = PWPhotoManager.m; sourceTree = "<group>"; };
		D41243D719211F4200495D77 /* PWProductDetailViewController.h */ = {isa = PBXFileReference; fileEncoding = 4; lastKnownFileType = sourcecode.c.h; name = PWProductDetailViewController.h; path = Controllers/PWProductDetailViewController.h; sourceTree = "<group>"; };
		D41243D819211F4200495D77 /* PWProductDetailViewController.m */ = {isa = PBXFileReference; fileEncoding = 4; lastKnownFileType = sourcecode.c.objc; name = PWProductDetailViewController.m; path = Controllers/PWProductDetailViewController.m; sourceTree = "<group>"; };
		D41243D919211F4200495D77 /* PWProductDetailViewController.xib */ = {isa = PBXFileReference; fileEncoding = 4; lastKnownFileType = file.xib; name = PWProductDetailViewController.xib; path = Controllers/PWProductDetailViewController.xib; sourceTree = "<group>"; };
		D41243DC1921231100495D77 /* TableViewCellProductDetail.xib */ = {isa = PBXFileReference; fileEncoding = 4; lastKnownFileType = file.xib; path = TableViewCellProductDetail.xib; sourceTree = "<group>"; };
		D41243DE192136A800495D77 /* NSString+Color.h */ = {isa = PBXFileReference; fileEncoding = 4; lastKnownFileType = sourcecode.c.h; path = "NSString+Color.h"; sourceTree = "<group>"; };
		D41243DF192136A800495D77 /* NSString+Color.m */ = {isa = PBXFileReference; fileEncoding = 4; lastKnownFileType = sourcecode.c.objc; path = "NSString+Color.m"; sourceTree = "<group>"; };
		D41243E219213B8300495D77 /* PWProductPhotoViewController.h */ = {isa = PBXFileReference; fileEncoding = 4; lastKnownFileType = sourcecode.c.h; name = PWProductPhotoViewController.h; path = Controllers/PWProductPhotoViewController.h; sourceTree = "<group>"; };
		D41243E319213B8300495D77 /* PWProductPhotoViewController.m */ = {isa = PBXFileReference; fileEncoding = 4; lastKnownFileType = sourcecode.c.objc; name = PWProductPhotoViewController.m; path = Controllers/PWProductPhotoViewController.m; sourceTree = "<group>"; };
		D41243E419213B8300495D77 /* PWProductPhotoViewController.xib */ = {isa = PBXFileReference; fileEncoding = 4; lastKnownFileType = file.xib; name = PWProductPhotoViewController.xib; path = Controllers/PWProductPhotoViewController.xib; sourceTree = "<group>"; };
		D467E52419204E5700C32058 /* PWCreateProductViewController.h */ = {isa = PBXFileReference; fileEncoding = 4; lastKnownFileType = sourcecode.c.h; name = PWCreateProductViewController.h; path = Controllers/PWCreateProductViewController.h; sourceTree = "<group>"; };
		D467E52519204E5700C32058 /* PWCreateProductViewController.m */ = {isa = PBXFileReference; fileEncoding = 4; lastKnownFileType = sourcecode.c.objc; name = PWCreateProductViewController.m; path = Controllers/PWCreateProductViewController.m; sourceTree = "<group>"; };
		D467E52619204E5700C32058 /* PWCreateProductViewController.xib */ = {isa = PBXFileReference; fileEncoding = 4; lastKnownFileType = file.xib; name = PWCreateProductViewController.xib; path = Controllers/PWCreateProductViewController.xib; sourceTree = "<group>"; };
		D467E52A192055A100C32058 /* TableViewCellProduct.xib */ = {isa = PBXFileReference; fileEncoding = 4; lastKnownFileType = file.xib; path = TableViewCellProduct.xib; sourceTree = "<group>"; };
		D467E52C1920700600C32058 /* PWShowProductViewController.h */ = {isa = PBXFileReference; fileEncoding = 4; lastKnownFileType = sourcecode.c.h; name = PWShowProductViewController.h; path = Controllers/PWShowProductViewController.h; sourceTree = "<group>"; };
		D467E52D1920700600C32058 /* PWShowProductViewController.m */ = {isa = PBXFileReference; fileEncoding = 4; lastKnownFileType = sourcecode.c.objc; name = PWShowProductViewController.m; path = Controllers/PWShowProductViewController.m; sourceTree = "<group>"; };
		D467E52E1920700600C32058 /* PWShowProductViewController.xib */ = {isa = PBXFileReference; fileEncoding = 4; lastKnownFileType = file.xib; name = PWShowProductViewController.xib; path = Controllers/PWShowProductViewController.xib; sourceTree = "<group>"; };
		D49350C2192273A100A789AD /* PWProductStoresViewController.h */ = {isa = PBXFileReference; fileEncoding = 4; lastKnownFileType = sourcecode.c.h; name = PWProductStoresViewController.h; path = Controllers/PWProductStoresViewController.h; sourceTree = "<group>"; };
		D49350C3192273A100A789AD /* PWProductStoresViewController.m */ = {isa = PBXFileReference; fileEncoding = 4; lastKnownFileType = sourcecode.c.objc; name = PWProductStoresViewController.m; path = Controllers/PWProductStoresViewController.m; sourceTree = "<group>"; };
		D49350C4192273A100A789AD /* PWProductStoresViewController.xib */ = {isa = PBXFileReference; fileEncoding = 4; lastKnownFileType = file.xib; name = PWProductStoresViewController.xib; path = Controllers/PWProductStoresViewController.xib; sourceTree = "<group>"; };
		D49350C71922743500A789AD /* TableViewCellStore.xib */ = {isa = PBXFileReference; fileEncoding = 4; lastKnownFileType = file.xib; path = TableViewCellStore.xib; sourceTree = "<group>"; };
		D49350C919227EF100A789AD /* MockData.json */ = {isa = PBXFileReference; fileEncoding = 4; lastKnownFileType = text.json; path = MockData.json; sourceTree = "<group>"; };
		D49350CB1922880500A789AD /* Store.h */ = {isa = PBXFileReference; fileEncoding = 4; lastKnownFileType = sourcecode.c.h; name = Store.h; path = Model/Store.h; sourceTree = "<group>"; };
		D49350CC1922880500A789AD /* Store.m */ = {isa = PBXFileReference; fileEncoding = 4; lastKnownFileType = sourcecode.c.objc; name = Store.m; path = Model/Store.m; sourceTree = "<group>"; };
		D49350D0192294C000A789AD /* PWUpdateProductViewController.h */ = {isa = PBXFileReference; fileEncoding = 4; lastKnownFileType = sourcecode.c.h; name = PWUpdateProductViewController.h; path = Controllers/PWUpdateProductViewController.h; sourceTree = "<group>"; };
		D49350D1192294C000A789AD /* PWUpdateProductViewController.m */ = {isa = PBXFileReference; fileEncoding = 4; lastKnownFileType = sourcecode.c.objc; name = PWUpdateProductViewController.m; path = Controllers/PWUpdateProductViewController.m; sourceTree = "<group>"; };
		D49350D2192294C000A789AD /* PWUpdateProductViewController.xib */ = {isa = PBXFileReference; fileEncoding = 4; lastKnownFileType = file.xib; name = PWUpdateProductViewController.xib; path = Controllers/PWUpdateProductViewController.xib; sourceTree = "<group>"; };
		D4B3255D192091BC00F9F79D /* UIImage+Tools.h */ = {isa = PBXFileReference; fileEncoding = 4; lastKnownFileType = sourcecode.c.h; path = "UIImage+Tools.h"; sourceTree = "<group>"; };
		D4B3255E192091BC00F9F79D /* UIImage+Tools.m */ = {isa = PBXFileReference; fileEncoding = 4; lastKnownFileType = sourcecode.c.objc; path = "UIImage+Tools.m"; sourceTree = "<group>"; };
		D4B32561192097A000F9F79D /* FMDatabase.h */ = {isa = PBXFileReference; fileEncoding = 4; lastKnownFileType = sourcecode.c.h; path = FMDatabase.h; sourceTree = "<group>"; };
		D4B32562192097A000F9F79D /* FMDatabase.m */ = {isa = PBXFileReference; fileEncoding = 4; lastKnownFileType = sourcecode.c.objc; path = FMDatabase.m; sourceTree = "<group>"; };
		D4B32563192097A000F9F79D /* FMDatabaseAdditions.h */ = {isa = PBXFileReference; fileEncoding = 4; lastKnownFileType = sourcecode.c.h; path = FMDatabaseAdditions.h; sourceTree = "<group>"; };
		D4B32564192097A000F9F79D /* FMDatabaseAdditions.m */ = {isa = PBXFileReference; fileEncoding = 4; lastKnownFileType = sourcecode.c.objc; path = FMDatabaseAdditions.m; sourceTree = "<group>"; };
		D4B32565192097A000F9F79D /* FMResultSet.h */ = {isa = PBXFileReference; fileEncoding = 4; lastKnownFileType = sourcecode.c.h; path = FMResultSet.h; sourceTree = "<group>"; };
		D4B32566192097A000F9F79D /* FMResultSet.m */ = {isa = PBXFileReference; fileEncoding = 4; lastKnownFileType = sourcecode.c.objc; path = FMResultSet.m; sourceTree = "<group>"; };
		D4B3256B19209A4C00F9F79D /* FMDatabasePool.h */ = {isa = PBXFileReference; fileEncoding = 4; lastKnownFileType = sourcecode.c.h; path = FMDatabasePool.h; sourceTree = "<group>"; };
		D4B3256C19209A4C00F9F79D /* FMDatabasePool.m */ = {isa = PBXFileReference; fileEncoding = 4; lastKnownFileType = sourcecode.c.objc; path = FMDatabasePool.m; sourceTree = "<group>"; };
		D4B3256D19209A4C00F9F79D /* FMDatabaseQueue.h */ = {isa = PBXFileReference; fileEncoding = 4; lastKnownFileType = sourcecode.c.h; path = FMDatabaseQueue.h; sourceTree = "<group>"; };
		D4B3256E19209A4C00F9F79D /* FMDatabaseQueue.m */ = {isa = PBXFileReference; fileEncoding = 4; lastKnownFileType = sourcecode.c.objc; path = FMDatabaseQueue.m; sourceTree = "<group>"; };
		D4B3256F19209A4C00F9F79D /* FMDB.h */ = {isa = PBXFileReference; fileEncoding = 4; lastKnownFileType = sourcecode.c.h; path = FMDB.h; sourceTree = "<group>"; };
		D4B3257219209D5500F9F79D /* MBProgressHUD.h */ = {isa = PBXFileReference; fileEncoding = 4; lastKnownFileType = sourcecode.c.h; path = MBProgressHUD.h; sourceTree = "<group>"; };
		D4B3257319209D5500F9F79D /* MBProgressHUD.m */ = {isa = PBXFileReference; fileEncoding = 4; lastKnownFileType = sourcecode.c.objc; path = MBProgressHUD.m; sourceTree = "<group>"; };
/* End PBXFileReference section */

/* Begin PBXFrameworksBuildPhase section */
		D405CCC1191FD0D30059E052 /* Frameworks */ = {
			isa = PBXFrameworksBuildPhase;
			buildActionMask = 2147483647;
			files = (
				D405CD00191FDE080059E052 /* libsqlite3.0.dylib in Frameworks */,
				D405CCCA191FD0D30059E052 /* CoreGraphics.framework in Frameworks */,
				D405CCCC191FD0D30059E052 /* UIKit.framework in Frameworks */,
				D405CCC8191FD0D30059E052 /* Foundation.framework in Frameworks */,
			);
			runOnlyForDeploymentPostprocessing = 0;
		};
		D405CCE2191FD0D40059E052 /* Frameworks */ = {
			isa = PBXFrameworksBuildPhase;
			buildActionMask = 2147483647;
			files = (
				D405CCE7191FD0D40059E052 /* XCTest.framework in Frameworks */,
				D405CCE9191FD0D40059E052 /* UIKit.framework in Frameworks */,
				D405CCE8191FD0D40059E052 /* Foundation.framework in Frameworks */,
			);
			runOnlyForDeploymentPostprocessing = 0;
		};
/* End PBXFrameworksBuildPhase section */

/* Begin PBXGroup section */
		D405CCBB191FD0D30059E052 = {
			isa = PBXGroup;
			children = (
				D405CCCD191FD0D30059E052 /* MacysTest */,
				D405CCEC191FD0D40059E052 /* MacysTestTests */,
				D405CCC6191FD0D30059E052 /* Frameworks */,
				D405CCC5191FD0D30059E052 /* Products */,
			);
			sourceTree = "<group>";
		};
		D405CCC5191FD0D30059E052 /* Products */ = {
			isa = PBXGroup;
			children = (
				D405CCC4191FD0D30059E052 /* MacysTest.app */,
				D405CCE5191FD0D40059E052 /* MacysTestTests.xctest */,
			);
			name = Products;
			sourceTree = "<group>";
		};
		D405CCC6191FD0D30059E052 /* Frameworks */ = {
			isa = PBXGroup;
			children = (
				D405CCFF191FDE080059E052 /* libsqlite3.0.dylib */,
				D405CCC7191FD0D30059E052 /* Foundation.framework */,
				D405CCC9191FD0D30059E052 /* CoreGraphics.framework */,
				D405CCCB191FD0D30059E052 /* UIKit.framework */,
				D405CCE6191FD0D40059E052 /* XCTest.framework */,
			);
			name = Frameworks;
			sourceTree = "<group>";
		};
		D405CCCD191FD0D30059E052 /* MacysTest */ = {
			isa = PBXGroup;
			children = (
				D49350CF1922941100A789AD /* Third-Party Libraries */,
				D405CCD6191FD0D30059E052 /* PWAppDelegate.h */,
				D405CCD7191FD0D30059E052 /* PWAppDelegate.m */,
				D405CCD9191FD0D30059E052 /* Main.storyboard */,
				D405CCDC191FD0D30059E052 /* PWHomeViewController.h */,
				D405CCDD191FD0D30059E052 /* PWHomeViewController.m */,
				D405CD05191FE13B0059E052 /* Database */,
				D405CD01191FE0D20059E052 /* Models */,
				D49350CE19228D2A00A789AD /* Views */,
				D467E52919204E5B00C32058 /* Controllers */,
				D405CD06191FE94D0059E052 /* PWSQLiteManager.h */,
				D405CD07191FE94D0059E052 /* PWSQLiteManager.m */,
				D41243CF192118B000495D77 /* PWPhotoManager.h */,
				D41243D0192118B000495D77 /* PWPhotoManager.m */,
				D49350C919227EF100A789AD /* MockData.json */,
				D405CCDF191FD0D40059E052 /* Images.xcassets */,
				D405CCCE191FD0D30059E052 /* Supporting Files */,
			);
			path = MacysTest;
			sourceTree = "<group>";
		};
		D405CCCE191FD0D30059E052 /* Supporting Files */ = {
			isa = PBXGroup;
			children = (
				D405CCCF191FD0D30059E052 /* MacysTest-Info.plist */,
				D405CCD0191FD0D30059E052 /* InfoPlist.strings */,
				D405CCD3191FD0D30059E052 /* main.m */,
				D405CCD5191FD0D30059E052 /* MacysTest-Prefix.pch */,
			);
			name = "Supporting Files";
			sourceTree = "<group>";
		};
		D405CCEC191FD0D40059E052 /* MacysTestTests */ = {
			isa = PBXGroup;
			children = (
				D405CCF2191FD0D40059E052 /* MacysTestTests.m */,
				D405CCED191FD0D40059E052 /* Supporting Files */,
			);
			path = MacysTestTests;
			sourceTree = "<group>";
		};
		D405CCED191FD0D40059E052 /* Supporting Files */ = {
			isa = PBXGroup;
			children = (
				D405CCEE191FD0D40059E052 /* MacysTestTests-Info.plist */,
				D405CCEF191FD0D40059E052 /* InfoPlist.strings */,
			);
			name = "Supporting Files";
			sourceTree = "<group>";
		};
		D405CD01191FE0D20059E052 /* Models */ = {
			isa = PBXGroup;
			children = (
				D405CCFC191FD2080059E052 /* Product.h */,
				D405CCFD191FD2080059E052 /* Product.m */,
				D49350CB1922880500A789AD /* Store.h */,
				D49350CC1922880500A789AD /* Store.m */,
			);
			name = Models;
			sourceTree = "<group>";
		};
		D405CD05191FE13B0059E052 /* Database */ = {
			isa = PBXGroup;
			children = (
				D405CD03191FE1320059E052 /* MacysDB.sql */,
			);
			name = Database;
			sourceTree = "<group>";
		};
		D467E52919204E5B00C32058 /* Controllers */ = {
			isa = PBXGroup;
			children = (
				D467E52419204E5700C32058 /* PWCreateProductViewController.h */,
				D467E52519204E5700C32058 /* PWCreateProductViewController.m */,
				D467E52C1920700600C32058 /* PWShowProductViewController.h */,
				D467E52D1920700600C32058 /* PWShowProductViewController.m */,
				D41243D719211F4200495D77 /* PWProductDetailViewController.h */,
				D41243D819211F4200495D77 /* PWProductDetailViewController.m */,
				D49350D0192294C000A789AD /* PWUpdateProductViewController.h */,
				D49350D1192294C000A789AD /* PWUpdateProductViewController.m */,
				D41243E219213B8300495D77 /* PWProductPhotoViewController.h */,
				D41243E319213B8300495D77 /* PWProductPhotoViewController.m */,
				D49350C2192273A100A789AD /* PWProductStoresViewController.h */,
				D49350C3192273A100A789AD /* PWProductStoresViewController.m */,
			);
			name = Controllers;
			sourceTree = "<group>";
		};
		D49350CE19228D2A00A789AD /* Views */ = {
			isa = PBXGroup;
			children = (
				D467E52619204E5700C32058 /* PWCreateProductViewController.xib */,
				D467E52E1920700600C32058 /* PWShowProductViewController.xib */,
				D41243D919211F4200495D77 /* PWProductDetailViewController.xib */,
				D49350D2192294C000A789AD /* PWUpdateProductViewController.xib */,
				D41243E419213B8300495D77 /* PWProductPhotoViewController.xib */,
				D49350C4192273A100A789AD /* PWProductStoresViewController.xib */,
				D49350C71922743500A789AD /* TableViewCellStore.xib */,
				D467E52A192055A100C32058 /* TableViewCellProduct.xib */,
				D41243DC1921231100495D77 /* TableViewCellProductDetail.xib */,
			);
			name = Views;
			sourceTree = "<group>";
		};
		D49350CF1922941100A789AD /* Third-Party Libraries */ = {
			isa = PBXGroup;
			children = (
				D4B3256A192097A600F9F79D /* FMDB */,
				D4B32560192091C100F9F79D /* Categories */,
				D4B3257519209D5A00F9F79D /* MBProgressHUD */,
			);
			name = "Third-Party Libraries";
			sourceTree = "<group>";
		};
		D4B32560192091C100F9F79D /* Categories */ = {
			isa = PBXGroup;
			children = (
				D41243DE192136A800495D77 /* NSString+Color.h */,
				D41243DF192136A800495D77 /* NSString+Color.m */,
				D4B3255D192091BC00F9F79D /* UIImage+Tools.h */,
				D4B3255E192091BC00F9F79D /* UIImage+Tools.m */,
			);
			name = Categories;
			sourceTree = "<group>";
		};
		D4B3256A192097A600F9F79D /* FMDB */ = {
			isa = PBXGroup;
			children = (
				D4B32561192097A000F9F79D /* FMDatabase.h */,
				D4B32562192097A000F9F79D /* FMDatabase.m */,
				D4B32563192097A000F9F79D /* FMDatabaseAdditions.h */,
				D4B32564192097A000F9F79D /* FMDatabaseAdditions.m */,
				D4B32565192097A000F9F79D /* FMResultSet.h */,
				D4B32566192097A000F9F79D /* FMResultSet.m */,
				D4B3256B19209A4C00F9F79D /* FMDatabasePool.h */,
				D4B3256C19209A4C00F9F79D /* FMDatabasePool.m */,
				D4B3256D19209A4C00F9F79D /* FMDatabaseQueue.h */,
				D4B3256E19209A4C00F9F79D /* FMDatabaseQueue.m */,
				D4B3256F19209A4C00F9F79D /* FMDB.h */,
			);
			name = FMDB;
			sourceTree = "<group>";
		};
		D4B3257519209D5A00F9F79D /* MBProgressHUD */ = {
			isa = PBXGroup;
			children = (
				D4B3257219209D5500F9F79D /* MBProgressHUD.h */,
				D4B3257319209D5500F9F79D /* MBProgressHUD.m */,
			);
			name = MBProgressHUD;
			sourceTree = "<group>";
		};
/* End PBXGroup section */

/* Begin PBXNativeTarget section */
		D405CCC3191FD0D30059E052 /* MacysTest */ = {
			isa = PBXNativeTarget;
			buildConfigurationList = D405CCF6191FD0D40059E052 /* Build configuration list for PBXNativeTarget "MacysTest" */;
			buildPhases = (
				D405CCC0191FD0D30059E052 /* Sources */,
				D405CCC1191FD0D30059E052 /* Frameworks */,
				D405CCC2191FD0D30059E052 /* Resources */,
			);
			buildRules = (
			);
			dependencies = (
			);
			name = MacysTest;
			productName = MacysTest;
			productReference = D405CCC4191FD0D30059E052 /* MacysTest.app */;
			productType = "com.apple.product-type.application";
		};
		D405CCE4191FD0D40059E052 /* MacysTestTests */ = {
			isa = PBXNativeTarget;
			buildConfigurationList = D405CCF9191FD0D40059E052 /* Build configuration list for PBXNativeTarget "MacysTestTests" */;
			buildPhases = (
				D405CCE1191FD0D40059E052 /* Sources */,
				D405CCE2191FD0D40059E052 /* Frameworks */,
				D405CCE3191FD0D40059E052 /* Resources */,
			);
			buildRules = (
			);
			dependencies = (
				D405CCEB191FD0D40059E052 /* PBXTargetDependency */,
			);
			name = MacysTestTests;
			productName = MacysTestTests;
			productReference = D405CCE5191FD0D40059E052 /* MacysTestTests.xctest */;
			productType = "com.apple.product-type.bundle.unit-test";
		};
/* End PBXNativeTarget section */

/* Begin PBXProject section */
		D405CCBC191FD0D30059E052 /* Project object */ = {
			isa = PBXProject;
			attributes = {
				CLASSPREFIX = PW;
				LastUpgradeCheck = 0510;
				ORGANIZATIONNAME = "Paul Wong";
				TargetAttributes = {
					D405CCE4191FD0D40059E052 = {
						TestTargetID = D405CCC3191FD0D30059E052;
					};
				};
			};
			buildConfigurationList = D405CCBF191FD0D30059E052 /* Build configuration list for PBXProject "MacysTest" */;
			compatibilityVersion = "Xcode 3.2";
			developmentRegion = English;
			hasScannedForEncodings = 0;
			knownRegions = (
				en,
				Base,
			);
			mainGroup = D405CCBB191FD0D30059E052;
			productRefGroup = D405CCC5191FD0D30059E052 /* Products */;
			projectDirPath = "";
			projectRoot = "";
			targets = (
				D405CCC3191FD0D30059E052 /* MacysTest */,
				D405CCE4191FD0D40059E052 /* MacysTestTests */,
			);
		};
/* End PBXProject section */

/* Begin PBXResourcesBuildPhase section */
		D405CCC2191FD0D30059E052 /* Resources */ = {
			isa = PBXResourcesBuildPhase;
			buildActionMask = 2147483647;
			files = (
				D41243DB19211F4200495D77 /* PWProductDetailViewController.xib in Resources */,
				D467E5301920700600C32058 /* PWShowProductViewController.xib in Resources */,
				D49350CA19227EF100A789AD /* MockData.json in Resources */,
				D405CCE0191FD0D40059E052 /* Images.xcassets in Resources */,
				D467E52819204E5700C32058 /* PWCreateProductViewController.xib in Resources */,
				D467E52B192055A100C32058 /* TableViewCellProduct.xib in Resources */,
				D41243E619213B8300495D77 /* PWProductPhotoViewController.xib in Resources */,
				D49350C81922743500A789AD /* TableViewCellStore.xib in Resources */,
				D405CCD2191FD0D30059E052 /* InfoPlist.strings in Resources */,
				D405CD04191FE1320059E052 /* MacysDB.sql in Resources */,
				D405CCDB191FD0D30059E052 /* Main.storyboard in Resources */,
				D41243DD1921231100495D77 /* TableViewCellProductDetail.xib in Resources */,
				D49350D4192294C000A789AD /* PWUpdateProductViewController.xib in Resources */,
				D49350C6192273A100A789AD /* PWProductStoresViewController.xib in Resources */,
			);
			runOnlyForDeploymentPostprocessing = 0;
		};
		D405CCE3191FD0D40059E052 /* Resources */ = {
			isa = PBXResourcesBuildPhase;
			buildActionMask = 2147483647;
			files = (
				D405CCF1191FD0D40059E052 /* InfoPlist.strings in Resources */,
			);
			runOnlyForDeploymentPostprocessing = 0;
		};
/* End PBXResourcesBuildPhase section */

/* Begin PBXSourcesBuildPhase section */
		D405CCC0191FD0D30059E052 /* Sources */ = {
			isa = PBXSourcesBuildPhase;
			buildActionMask = 2147483647;
			files = (
				D467E52F1920700600C32058 /* PWShowProductViewController.m in Sources */,
				D49350C5192273A100A789AD /* PWProductStoresViewController.m in Sources */,
				D4B3257019209A4C00F9F79D /* FMDatabasePool.m in Sources */,
				D49350CD1922880500A789AD /* Store.m in Sources */,
				D4B3255F192091BC00F9F79D /* UIImage+Tools.m in Sources */,
				D41243E0192136A800495D77 /* NSString+Color.m in Sources */,
				D405CCDE191FD0D30059E052 /* PWHomeViewController.m in Sources */,
				D41243DA19211F4200495D77 /* PWProductDetailViewController.m in Sources */,
				D4B3257119209A4C00F9F79D /* FMDatabaseQueue.m in Sources */,
				D4B32567192097A000F9F79D /* FMDatabase.m in Sources */,
				D405CCFE191FD2080059E052 /* Product.m in Sources */,
				D49350D3192294C000A789AD /* PWUpdateProductViewController.m in Sources */,
				D41243D1192118B000495D77 /* PWPhotoManager.m in Sources */,
				D405CCD4191FD0D30059E052 /* main.m in Sources */,
				D405CCD8191FD0D30059E052 /* PWAppDelegate.m in Sources */,
				D405CD08191FE94D0059E052 /* PWSQLiteManager.m in Sources */,
				D4B32569192097A000F9F79D /* FMResultSet.m in Sources */,
				D467E52719204E5700C32058 /* PWCreateProductViewController.m in Sources */,
				D4B32568192097A000F9F79D /* FMDatabaseAdditions.m in Sources */,
				D41243E519213B8300495D77 /* PWProductPhotoViewController.m in Sources */,
				D4B3257419209D5500F9F79D /* MBProgressHUD.m in Sources */,
			);
			runOnlyForDeploymentPostprocessing = 0;
		};
		D405CCE1191FD0D40059E052 /* Sources */ = {
			isa = PBXSourcesBuildPhase;
			buildActionMask = 2147483647;
			files = (
				D405CCF3191FD0D40059E052 /* MacysTestTests.m in Sources */,
			);
			runOnlyForDeploymentPostprocessing = 0;
		};
/* End PBXSourcesBuildPhase section */

/* Begin PBXTargetDependency section */
		D405CCEB191FD0D40059E052 /* PBXTargetDependency */ = {
			isa = PBXTargetDependency;
			target = D405CCC3191FD0D30059E052 /* MacysTest */;
			targetProxy = D405CCEA191FD0D40059E052 /* PBXContainerItemProxy */;
		};
/* End PBXTargetDependency section */

/* Begin PBXVariantGroup section */
		D405CCD0191FD0D30059E052 /* InfoPlist.strings */ = {
			isa = PBXVariantGroup;
			children = (
				D405CCD1191FD0D30059E052 /* en */,
			);
			name = InfoPlist.strings;
			sourceTree = "<group>";
		};
		D405CCD9191FD0D30059E052 /* Main.storyboard */ = {
			isa = PBXVariantGroup;
			children = (
				D405CCDA191FD0D30059E052 /* Base */,
			);
			name = Main.storyboard;
			sourceTree = "<group>";
		};
		D405CCEF191FD0D40059E052 /* InfoPlist.strings */ = {
			isa = PBXVariantGroup;
			children = (
				D405CCF0191FD0D40059E052 /* en */,
			);
			name = InfoPlist.strings;
			sourceTree = "<group>";
		};
/* End PBXVariantGroup section */

/* Begin XCBuildConfiguration section */
		D405CCF4191FD0D40059E052 /* Debug */ = {
			isa = XCBuildConfiguration;
			buildSettings = {
				ALWAYS_SEARCH_USER_PATHS = NO;
				CLANG_CXX_LANGUAGE_STANDARD = "gnu++0x";
				CLANG_CXX_LIBRARY = "libc++";
				CLANG_ENABLE_MODULES = YES;
				CLANG_ENABLE_OBJC_ARC = YES;
				CLANG_WARN_BOOL_CONVERSION = YES;
				CLANG_WARN_CONSTANT_CONVERSION = YES;
				CLANG_WARN_DIRECT_OBJC_ISA_USAGE = YES_ERROR;
				CLANG_WARN_EMPTY_BODY = YES;
				CLANG_WARN_ENUM_CONVERSION = YES;
				CLANG_WARN_INT_CONVERSION = YES;
				CLANG_WARN_OBJC_ROOT_CLASS = YES_ERROR;
				CLANG_WARN__DUPLICATE_METHOD_MATCH = YES;
				"CODE_SIGN_IDENTITY[sdk=iphoneos*]" = "iPhone Developer";
				COPY_PHASE_STRIP = NO;
				GCC_C_LANGUAGE_STANDARD = gnu99;
				GCC_DYNAMIC_NO_PIC = NO;
				GCC_OPTIMIZATION_LEVEL = 0;
				GCC_PREPROCESSOR_DEFINITIONS = (
					"DEBUG=1",
					"$(inherited)",
				);
				GCC_SYMBOLS_PRIVATE_EXTERN = NO;
				GCC_WARN_64_TO_32_BIT_CONVERSION = YES;
				GCC_WARN_ABOUT_RETURN_TYPE = YES_ERROR;
				GCC_WARN_UNDECLARED_SELECTOR = YES;
				GCC_WARN_UNINITIALIZED_AUTOS = YES_AGGRESSIVE;
				GCC_WARN_UNUSED_FUNCTION = YES;
				GCC_WARN_UNUSED_VARIABLE = YES;
				IPHONEOS_DEPLOYMENT_TARGET = 7.1;
				ONLY_ACTIVE_ARCH = YES;
				SDKROOT = iphoneos;
			};
			name = Debug;
		};
		D405CCF5191FD0D40059E052 /* Release */ = {
			isa = XCBuildConfiguration;
			buildSettings = {
				ALWAYS_SEARCH_USER_PATHS = NO;
				CLANG_CXX_LANGUAGE_STANDARD = "gnu++0x";
				CLANG_CXX_LIBRARY = "libc++";
				CLANG_ENABLE_MODULES = YES;
				CLANG_ENABLE_OBJC_ARC = YES;
				CLANG_WARN_BOOL_CONVERSION = YES;
				CLANG_WARN_CONSTANT_CONVERSION = YES;
				CLANG_WARN_DIRECT_OBJC_ISA_USAGE = YES_ERROR;
				CLANG_WARN_EMPTY_BODY = YES;
				CLANG_WARN_ENUM_CONVERSION = YES;
				CLANG_WARN_INT_CONVERSION = YES;
				CLANG_WARN_OBJC_ROOT_CLASS = YES_ERROR;
				CLANG_WARN__DUPLICATE_METHOD_MATCH = YES;
				"CODE_SIGN_IDENTITY[sdk=iphoneos*]" = "iPhone Developer";
				COPY_PHASE_STRIP = YES;
				ENABLE_NS_ASSERTIONS = NO;
				GCC_C_LANGUAGE_STANDARD = gnu99;
				GCC_WARN_64_TO_32_BIT_CONVERSION = YES;
				GCC_WARN_ABOUT_RETURN_TYPE = YES_ERROR;
				GCC_WARN_UNDECLARED_SELECTOR = YES;
				GCC_WARN_UNINITIALIZED_AUTOS = YES_AGGRESSIVE;
				GCC_WARN_UNUSED_FUNCTION = YES;
				GCC_WARN_UNUSED_VARIABLE = YES;
				IPHONEOS_DEPLOYMENT_TARGET = 7.1;
				SDKROOT = iphoneos;
				VALIDATE_PRODUCT = YES;
			};
			name = Release;
		};
		D405CCF7191FD0D40059E052 /* Debug */ = {
			isa = XCBuildConfiguration;
			buildSettings = {
				ASSETCATALOG_COMPILER_APPICON_NAME = AppIcon;
				ASSETCATALOG_COMPILER_LAUNCHIMAGE_NAME = LaunchImage;
				GCC_PRECOMPILE_PREFIX_HEADER = YES;
				GCC_PREFIX_HEADER = "MacysTest/MacysTest-Prefix.pch";
				INFOPLIST_FILE = "MacysTest/MacysTest-Info.plist";
				IPHONEOS_DEPLOYMENT_TARGET = 6.0;
				PRODUCT_NAME = "$(TARGET_NAME)";
				WRAPPER_EXTENSION = app;
			};
			name = Debug;
		};
		D405CCF8191FD0D40059E052 /* Release */ = {
			isa = XCBuildConfiguration;
			buildSettings = {
				ASSETCATALOG_COMPILER_APPICON_NAME = AppIcon;
				ASSETCATALOG_COMPILER_LAUNCHIMAGE_NAME = LaunchImage;
				GCC_PRECOMPILE_PREFIX_HEADER = YES;
				GCC_PREFIX_HEADER = "MacysTest/MacysTest-Prefix.pch";
				INFOPLIST_FILE = "MacysTest/MacysTest-Info.plist";
				IPHONEOS_DEPLOYMENT_TARGET = 6.0;
				PRODUCT_NAME = "$(TARGET_NAME)";
				WRAPPER_EXTENSION = app;
			};
			name = Release;
		};
		D405CCFA191FD0D40059E052 /* Debug */ = {
			isa = XCBuildConfiguration;
			buildSettings = {
				BUNDLE_LOADER = "$(BUILT_PRODUCTS_DIR)/MacysTest.app/MacysTest";
				FRAMEWORK_SEARCH_PATHS = (
					"$(SDKROOT)/Developer/Library/Frameworks",
					"$(inherited)",
					"$(DEVELOPER_FRAMEWORKS_DIR)",
				);
				GCC_PRECOMPILE_PREFIX_HEADER = YES;
				GCC_PREFIX_HEADER = "MacysTest/MacysTest-Prefix.pch";
				GCC_PREPROCESSOR_DEFINITIONS = (
					"DEBUG=1",
					"$(inherited)",
				);
				INFOPLIST_FILE = "MacysTestTests/MacysTestTests-Info.plist";
				PRODUCT_NAME = "$(TARGET_NAME)";
				TEST_HOST = "$(BUNDLE_LOADER)";
				WRAPPER_EXTENSION = xctest;
			};
			name = Debug;
		};
		D405CCFB191FD0D40059E052 /* Release */ = {
			isa = XCBuildConfiguration;
			buildSettings = {
				BUNDLE_LOADER = "$(BUILT_PRODUCTS_DIR)/MacysTest.app/MacysTest";
				FRAMEWORK_SEARCH_PATHS = (
					"$(SDKROOT)/Developer/Library/Frameworks",
					"$(inherited)",
					"$(DEVELOPER_FRAMEWORKS_DIR)",
				);
				GCC_PRECOMPILE_PREFIX_HEADER = YES;
				GCC_PREFIX_HEADER = "MacysTest/MacysTest-Prefix.pch";
				INFOPLIST_FILE = "MacysTestTests/MacysTestTests-Info.plist";
				PRODUCT_NAME = "$(TARGET_NAME)";
				TEST_HOST = "$(BUNDLE_LOADER)";
				WRAPPER_EXTENSION = xctest;
			};
			name = Release;
		};
/* End XCBuildConfiguration section */

/* Begin XCConfigurationList section */
		D405CCBF191FD0D30059E052 /* Build configuration list for PBXProject "MacysTest" */ = {
			isa = XCConfigurationList;
			buildConfigurations = (
				D405CCF4191FD0D40059E052 /* Debug */,
				D405CCF5191FD0D40059E052 /* Release */,
			);
			defaultConfigurationIsVisible = 0;
			defaultConfigurationName = Release;
		};
		D405CCF6191FD0D40059E052 /* Build configuration list for PBXNativeTarget "MacysTest" */ = {
			isa = XCConfigurationList;
			buildConfigurations = (
				D405CCF7191FD0D40059E052 /* Debug */,
				D405CCF8191FD0D40059E052 /* Release */,
			);
			defaultConfigurationIsVisible = 0;
			defaultConfigurationName = Release;
		};
		D405CCF9191FD0D40059E052 /* Build configuration list for PBXNativeTarget "MacysTestTests" */ = {
			isa = XCConfigurationList;
			buildConfigurations = (
				D405CCFA191FD0D40059E052 /* Debug */,
				D405CCFB191FD0D40059E052 /* Release */,
			);
			defaultConfigurationIsVisible = 0;
			defaultConfigurationName = Release;
		};
/* End XCConfigurationList section */
	};
	rootObject = D405CCBC191FD0D30059E052 /* Project object */;
}
